
Microsoft Visual Studio Solution File, Format Version 12.00
# Visual Studio Version 17
VisualStudioVersion = 17.9.34728.123
MinimumVisualStudioVersion = 10.0.40219.1
Project("{8BC9CEB8-8B4A-11D0-8D11-00A0C91BC942}") = "Seminar1_SDD", "Seminar1_SDD\Seminar1_SDD.vcxproj", "{762886C6-07DF-40EA-A1BC-D7C03429B526}"
EndProject
Project("{8BC9CEB8-8B4A-11D0-8D11-00A0C91BC942}") = "Seminar2_SDD", "Seminar2_SDD\Seminar2_SDD.vcxproj", "{F1FA82B1-5BA8-40B3-B2E8-35C67B711EC1}"
EndProject
Project("{8BC9CEB8-8B4A-11D0-8D11-00A0C91BC942}") = "Seminar3_SDD", "Seminar3_SDD\Seminar3_SDD.vcxproj", "{3A2B19E7-042A-4D2B-98F8-8DA4490F0222}"
EndProject
Project("{8BC9CEB8-8B4A-11D0-8D11-00A0C91BC942}") = "Seminar4_SDD", "Seminar4_SDD\Seminar4_SDD.vcxproj", "{206D22DD-3FD3-4C87-ADB4-32F5680EC09F}"
EndProject
Project("{8BC9CEB8-8B4A-11D0-8D11-00A0C91BC942}") = "PregatireTest2", "PregatireTest2\PregatireTest2.vcxproj", "{11CCDD4A-28D0-4C05-97EC-7DC85CF10E01}"
EndProject
Project("{8BC9CEB8-8B4A-11D0-8D11-00A0C91BC942}") = "PregatireExamen3", "PregatireExamen3\PregatireExamen3.vcxproj", "{A0E44B58-BA74-4869-862D-6B763ECA27B2}"
EndProject
Project("{8BC9CEB8-8B4A-11D0-8D11-00A0C91BC942}") = "PregatireTest4", "PregatireTest4\PregatireTest4.vcxproj", "{49740BB9-34D6-4C12-946B-EEFFC416466D}"
EndProject
Project("{8BC9CEB8-8B4A-11D0-8D11-00A0C91BC942}") = "PregatireTest5", "PregatireTest5\PregatireTest5.vcxproj", "{F59E91E6-4837-4876-83A7-D7AF851824C8}"
EndProject
Project("{8BC9CEB8-8B4A-11D0-8D11-00A0C91BC942}") = "PregatireTest6", "PregatireTest6\PregatireTest6.vcxproj", "{3C310F1E-380F-4EF3-B5C0-0679AAA91982}"
EndProject
Project("{8BC9CEB8-8B4A-11D0-8D11-00A0C91BC942}") = "Heap", "Heap\Heap.vcxproj", "{D86CDC75-C9B2-4A81-BB0F-8BC5FD48C43E}"
EndProject
Project("{8BC9CEB8-8B4A-11D0-8D11-00A0C91BC942}") = "PregatireTest2_1_Heap", "PregatireTest2_1_Heap\PregatireTest2_1_Heap.vcxproj", "{02C76824-0915-47A1-85A9-E1F6B7391892}"
EndProject
Project("{8BC9CEB8-8B4A-11D0-8D11-00A0C91BC942}") = "Seminar9_SDD", "Seminar9_SDD\Seminar9_SDD.vcxproj", "{2FD858B2-2A3F-4D79-8016-5D8E0B789254}"
EndProject
Project("{8BC9CEB8-8B4A-11D0-8D11-00A0C91BC942}") = "PregatireTest2_Arbore", "PregatireTest2_Arbore\PregatireTest2_Arbore.vcxproj", "{7BD4D23A-7F88-4A9E-BE7C-79BC6F488112}"
EndProject
Project("{8BC9CEB8-8B4A-11D0-8D11-00A0C91BC942}") = "Seminar10_SDD", "Seminar10_SDD\Seminar10_SDD.vcxproj", "{EBD5E7D6-87BD-4014-AB57-AC347862B1A7}"
EndProject
Project("{8BC9CEB8-8B4A-11D0-8D11-00A0C91BC942}") = "PregatireTest2_ArboriE", "PregatireTest2_ArboriE\PregatireTest2_ArboriE.vcxproj", "{E9306291-9662-48FF-9178-EA379C6D75A7}"
EndProject
Project("{8BC9CEB8-8B4A-11D0-8D11-00A0C91BC942}") = "Seminar11", "Seminar11\Seminar11.vcxproj", "{88323596-0A34-4690-B612-D2E260D46B75}"
EndProject
Project("{8BC9CEB8-8B4A-11D0-8D11-00A0C91BC942}") = "PregatireTest2_SQ", "PregatireTest2_SQ\PregatireTest2_SQ.vcxproj", "{F2B1927F-88D1-4357-BF3C-F6D04E32C168}"
EndProject
Global
	GlobalSection(SolutionConfigurationPlatforms) = preSolution
		Debug|x64 = Debug|x64
		Debug|x86 = Debug|x86
		Release|x64 = Release|x64
		Release|x86 = Release|x86
	EndGlobalSection
	GlobalSection(ProjectConfigurationPlatforms) = postSolution
		{762886C6-07DF-40EA-A1BC-D7C03429B526}.Debug|x64.ActiveCfg = Debug|x64
		{762886C6-07DF-40EA-A1BC-D7C03429B526}.Debug|x64.Build.0 = Debug|x64
		{762886C6-07DF-40EA-A1BC-D7C03429B526}.Debug|x86.ActiveCfg = Debug|Win32
		{762886C6-07DF-40EA-A1BC-D7C03429B526}.Debug|x86.Build.0 = Debug|Win32
		{762886C6-07DF-40EA-A1BC-D7C03429B526}.Release|x64.ActiveCfg = Release|x64
		{762886C6-07DF-40EA-A1BC-D7C03429B526}.Release|x64.Build.0 = Release|x64
		{762886C6-07DF-40EA-A1BC-D7C03429B526}.Release|x86.ActiveCfg = Release|Win32
		{762886C6-07DF-40EA-A1BC-D7C03429B526}.Release|x86.Build.0 = Release|Win32
		{F1FA82B1-5BA8-40B3-B2E8-35C67B711EC1}.Debug|x64.ActiveCfg = Debug|x64
		{F1FA82B1-5BA8-40B3-B2E8-35C67B711EC1}.Debug|x64.Build.0 = Debug|x64
		{F1FA82B1-5BA8-40B3-B2E8-35C67B711EC1}.Debug|x86.ActiveCfg = Debug|Win32
		{F1FA82B1-5BA8-40B3-B2E8-35C67B711EC1}.Debug|x86.Build.0 = Debug|Win32
		{F1FA82B1-5BA8-40B3-B2E8-35C67B711EC1}.Release|x64.ActiveCfg = Release|x64
		{F1FA82B1-5BA8-40B3-B2E8-35C67B711EC1}.Release|x64.Build.0 = Release|x64
		{F1FA82B1-5BA8-40B3-B2E8-35C67B711EC1}.Release|x86.ActiveCfg = Release|Win32
		{F1FA82B1-5BA8-40B3-B2E8-35C67B711EC1}.Release|x86.Build.0 = Release|Win32
		{3A2B19E7-042A-4D2B-98F8-8DA4490F0222}.Debug|x64.ActiveCfg = Debug|x64
		{3A2B19E7-042A-4D2B-98F8-8DA4490F0222}.Debug|x64.Build.0 = Debug|x64
		{3A2B19E7-042A-4D2B-98F8-8DA4490F0222}.Debug|x86.ActiveCfg = Debug|Win32
		{3A2B19E7-042A-4D2B-98F8-8DA4490F0222}.Debug|x86.Build.0 = Debug|Win32
		{3A2B19E7-042A-4D2B-98F8-8DA4490F0222}.Release|x64.ActiveCfg = Release|x64
		{3A2B19E7-042A-4D2B-98F8-8DA4490F0222}.Release|x64.Build.0 = Release|x64
		{3A2B19E7-042A-4D2B-98F8-8DA4490F0222}.Release|x86.ActiveCfg = Release|Win32
		{3A2B19E7-042A-4D2B-98F8-8DA4490F0222}.Release|x86.Build.0 = Release|Win32
		{206D22DD-3FD3-4C87-ADB4-32F5680EC09F}.Debug|x64.ActiveCfg = Debug|x64
		{206D22DD-3FD3-4C87-ADB4-32F5680EC09F}.Debug|x64.Build.0 = Debug|x64
		{206D22DD-3FD3-4C87-ADB4-32F5680EC09F}.Debug|x86.ActiveCfg = Debug|Win32
		{206D22DD-3FD3-4C87-ADB4-32F5680EC09F}.Debug|x86.Build.0 = Debug|Win32
		{206D22DD-3FD3-4C87-ADB4-32F5680EC09F}.Release|x64.ActiveCfg = Release|x64
		{206D22DD-3FD3-4C87-ADB4-32F5680EC09F}.Release|x64.Build.0 = Release|x64
		{206D22DD-3FD3-4C87-ADB4-32F5680EC09F}.Release|x86.ActiveCfg = Release|Win32
		{206D22DD-3FD3-4C87-ADB4-32F5680EC09F}.Release|x86.Build.0 = Release|Win32
		{11CCDD4A-28D0-4C05-97EC-7DC85CF10E01}.Debug|x64.ActiveCfg = Debug|x64
		{11CCDD4A-28D0-4C05-97EC-7DC85CF10E01}.Debug|x64.Build.0 = Debug|x64
		{11CCDD4A-28D0-4C05-97EC-7DC85CF10E01}.Debug|x86.ActiveCfg = Debug|Win32
		{11CCDD4A-28D0-4C05-97EC-7DC85CF10E01}.Debug|x86.Build.0 = Debug|Win32
		{11CCDD4A-28D0-4C05-97EC-7DC85CF10E01}.Release|x64.ActiveCfg = Release|x64
		{11CCDD4A-28D0-4C05-97EC-7DC85CF10E01}.Release|x64.Build.0 = Release|x64
		{11CCDD4A-28D0-4C05-97EC-7DC85CF10E01}.Release|x86.ActiveCfg = Release|Win32
		{11CCDD4A-28D0-4C05-97EC-7DC85CF10E01}.Release|x86.Build.0 = Release|Win32
		{A0E44B58-BA74-4869-862D-6B763ECA27B2}.Debug|x64.ActiveCfg = Debug|x64
		{A0E44B58-BA74-4869-862D-6B763ECA27B2}.Debug|x64.Build.0 = Debug|x64
		{A0E44B58-BA74-4869-862D-6B763ECA27B2}.Debug|x86.ActiveCfg = Debug|Win32
		{A0E44B58-BA74-4869-862D-6B763ECA27B2}.Debug|x86.Build.0 = Debug|Win32
		{A0E44B58-BA74-4869-862D-6B763ECA27B2}.Release|x64.ActiveCfg = Release|x64
		{A0E44B58-BA74-4869-862D-6B763ECA27B2}.Release|x64.Build.0 = Release|x64
		{A0E44B58-BA74-4869-862D-6B763ECA27B2}.Release|x86.ActiveCfg = Release|Win32
		{A0E44B58-BA74-4869-862D-6B763ECA27B2}.Release|x86.Build.0 = Release|Win32
		{49740BB9-34D6-4C12-946B-EEFFC416466D}.Debug|x64.ActiveCfg = Debug|x64
		{49740BB9-34D6-4C12-946B-EEFFC416466D}.Debug|x64.Build.0 = Debug|x64
		{49740BB9-34D6-4C12-946B-EEFFC416466D}.Debug|x86.ActiveCfg = Debug|Win32
		{49740BB9-34D6-4C12-946B-EEFFC416466D}.Debug|x86.Build.0 = Debug|Win32
		{49740BB9-34D6-4C12-946B-EEFFC416466D}.Release|x64.ActiveCfg = Release|x64
		{49740BB9-34D6-4C12-946B-EEFFC416466D}.Release|x64.Build.0 = Release|x64
		{49740BB9-34D6-4C12-946B-EEFFC416466D}.Release|x86.ActiveCfg = Release|Win32
		{49740BB9-34D6-4C12-946B-EEFFC416466D}.Release|x86.Build.0 = Release|Win32
		{F59E91E6-4837-4876-83A7-D7AF851824C8}.Debug|x64.ActiveCfg = Debug|x64
		{F59E91E6-4837-4876-83A7-D7AF851824C8}.Debug|x64.Build.0 = Debug|x64
		{F59E91E6-4837-4876-83A7-D7AF851824C8}.Debug|x86.ActiveCfg = Debug|Win32
		{F59E91E6-4837-4876-83A7-D7AF851824C8}.Debug|x86.Build.0 = Debug|Win32
		{F59E91E6-4837-4876-83A7-D7AF851824C8}.Release|x64.ActiveCfg = Release|x64
		{F59E91E6-4837-4876-83A7-D7AF851824C8}.Release|x64.Build.0 = Release|x64
		{F59E91E6-4837-4876-83A7-D7AF851824C8}.Release|x86.ActiveCfg = Release|Win32
		{F59E91E6-4837-4876-83A7-D7AF851824C8}.Release|x86.Build.0 = Release|Win32
		{3C310F1E-380F-4EF3-B5C0-0679AAA91982}.Debug|x64.ActiveCfg = Debug|x64
		{3C310F1E-380F-4EF3-B5C0-0679AAA91982}.Debug|x64.Build.0 = Debug|x64
		{3C310F1E-380F-4EF3-B5C0-0679AAA91982}.Debug|x86.ActiveCfg = Debug|Win32
		{3C310F1E-380F-4EF3-B5C0-0679AAA91982}.Debug|x86.Build.0 = Debug|Win32
		{3C310F1E-380F-4EF3-B5C0-0679AAA91982}.Release|x64.ActiveCfg = Release|x64
		{3C310F1E-380F-4EF3-B5C0-0679AAA91982}.Release|x64.Build.0 = Release|x64
		{3C310F1E-380F-4EF3-B5C0-0679AAA91982}.Release|x86.ActiveCfg = Release|Win32
		{3C310F1E-380F-4EF3-B5C0-0679AAA91982}.Release|x86.Build.0 = Release|Win32
		{D86CDC75-C9B2-4A81-BB0F-8BC5FD48C43E}.Debug|x64.ActiveCfg = Debug|x64
		{D86CDC75-C9B2-4A81-BB0F-8BC5FD48C43E}.Debug|x64.Build.0 = Debug|x64
		{D86CDC75-C9B2-4A81-BB0F-8BC5FD48C43E}.Debug|x86.ActiveCfg = Debug|Win32
		{D86CDC75-C9B2-4A81-BB0F-8BC5FD48C43E}.Debug|x86.Build.0 = Debug|Win32
		{D86CDC75-C9B2-4A81-BB0F-8BC5FD48C43E}.Release|x64.ActiveCfg = Release|x64
		{D86CDC75-C9B2-4A81-BB0F-8BC5FD48C43E}.Release|x64.Build.0 = Release|x64
		{D86CDC75-C9B2-4A81-BB0F-8BC5FD48C43E}.Release|x86.ActiveCfg = Release|Win32
		{D86CDC75-C9B2-4A81-BB0F-8BC5FD48C43E}.Release|x86.Build.0 = Release|Win32
		{02C76824-0915-47A1-85A9-E1F6B7391892}.Debug|x64.ActiveCfg = Debug|x64
		{02C76824-0915-47A1-85A9-E1F6B7391892}.Debug|x64.Build.0 = Debug|x64
		{02C76824-0915-47A1-85A9-E1F6B7391892}.Debug|x86.ActiveCfg = Debug|Win32
		{02C76824-0915-47A1-85A9-E1F6B7391892}.Debug|x86.Build.0 = Debug|Win32
		{02C76824-0915-47A1-85A9-E1F6B7391892}.Release|x64.ActiveCfg = Release|x64
		{02C76824-0915-47A1-85A9-E1F6B7391892}.Release|x64.Build.0 = Release|x64
		{02C76824-0915-47A1-85A9-E1F6B7391892}.Release|x86.ActiveCfg = Release|Win32
		{02C76824-0915-47A1-85A9-E1F6B7391892}.Release|x86.Build.0 = Release|Win32
		{2FD858B2-2A3F-4D79-8016-5D8E0B789254}.Debug|x64.ActiveCfg = Debug|x64
		{2FD858B2-2A3F-4D79-8016-5D8E0B789254}.Debug|x64.Build.0 = Debug|x64
		{2FD858B2-2A3F-4D79-8016-5D8E0B789254}.Debug|x86.ActiveCfg = Debug|Win32
		{2FD858B2-2A3F-4D79-8016-5D8E0B789254}.Debug|x86.Build.0 = Debug|Win32
		{2FD858B2-2A3F-4D79-8016-5D8E0B789254}.Release|x64.ActiveCfg = Release|x64
		{2FD858B2-2A3F-4D79-8016-5D8E0B789254}.Release|x64.Build.0 = Release|x64
		{2FD858B2-2A3F-4D79-8016-5D8E0B789254}.Release|x86.ActiveCfg = Release|Win32
		{2FD858B2-2A3F-4D79-8016-5D8E0B789254}.Release|x86.Build.0 = Release|Win32
		{7BD4D23A-7F88-4A9E-BE7C-79BC6F488112}.Debug|x64.ActiveCfg = Debug|x64
		{7BD4D23A-7F88-4A9E-BE7C-79BC6F488112}.Debug|x64.Build.0 = Debug|x64
		{7BD4D23A-7F88-4A9E-BE7C-79BC6F488112}.Debug|x86.ActiveCfg = Debug|Win32
		{7BD4D23A-7F88-4A9E-BE7C-79BC6F488112}.Debug|x86.Build.0 = Debug|Win32
		{7BD4D23A-7F88-4A9E-BE7C-79BC6F488112}.Release|x64.ActiveCfg = Release|x64
		{7BD4D23A-7F88-4A9E-BE7C-79BC6F488112}.Release|x64.Build.0 = Release|x64
		{7BD4D23A-7F88-4A9E-BE7C-79BC6F488112}.Release|x86.ActiveCfg = Release|Win32
		{7BD4D23A-7F88-4A9E-BE7C-79BC6F488112}.Release|x86.Build.0 = Release|Win32
		{EBD5E7D6-87BD-4014-AB57-AC347862B1A7}.Debug|x64.ActiveCfg = Debug|x64
		{EBD5E7D6-87BD-4014-AB57-AC347862B1A7}.Debug|x64.Build.0 = Debug|x64
		{EBD5E7D6-87BD-4014-AB57-AC347862B1A7}.Debug|x86.ActiveCfg = Debug|Win32
		{EBD5E7D6-87BD-4014-AB57-AC347862B1A7}.Debug|x86.Build.0 = Debug|Win32
		{EBD5E7D6-87BD-4014-AB57-AC347862B1A7}.Release|x64.ActiveCfg = Release|x64
		{EBD5E7D6-87BD-4014-AB57-AC347862B1A7}.Release|x64.Build.0 = Release|x64
		{EBD5E7D6-87BD-4014-AB57-AC347862B1A7}.Release|x86.ActiveCfg = Release|Win32
		{EBD5E7D6-87BD-4014-AB57-AC347862B1A7}.Release|x86.Build.0 = Release|Win32
		{E9306291-9662-48FF-9178-EA379C6D75A7}.Debug|x64.ActiveCfg = Debug|x64
		{E9306291-9662-48FF-9178-EA379C6D75A7}.Debug|x64.Build.0 = Debug|x64
		{E9306291-9662-48FF-9178-EA379C6D75A7}.Debug|x86.ActiveCfg = Debug|Win32
		{E9306291-9662-48FF-9178-EA379C6D75A7}.Debug|x86.Build.0 = Debug|Win32
		{E9306291-9662-48FF-9178-EA379C6D75A7}.Release|x64.ActiveCfg = Release|x64
		{E9306291-9662-48FF-9178-EA379C6D75A7}.Release|x64.Build.0 = Release|x64
		{E9306291-9662-48FF-9178-EA379C6D75A7}.Release|x86.ActiveCfg = Release|Win32
		{E9306291-9662-48FF-9178-EA379C6D75A7}.Release|x86.Build.0 = Release|Win32
		{88323596-0A34-4690-B612-D2E260D46B75}.Debug|x64.ActiveCfg = Debug|x64
		{88323596-0A34-4690-B612-D2E260D46B75}.Debug|x64.Build.0 = Debug|x64
		{88323596-0A34-4690-B612-D2E260D46B75}.Debug|x86.ActiveCfg = Debug|Win32
		{88323596-0A34-4690-B612-D2E260D46B75}.Debug|x86.Build.0 = Debug|Win32
		{88323596-0A34-4690-B612-D2E260D46B75}.Release|x64.ActiveCfg = Release|x64
		{88323596-0A34-4690-B612-D2E260D46B75}.Release|x64.Build.0 = Release|x64
		{88323596-0A34-4690-B612-D2E260D46B75}.Release|x86.ActiveCfg = Release|Win32
		{88323596-0A34-4690-B612-D2E260D46B75}.Release|x86.Build.0 = Release|Win32
		{F2B1927F-88D1-4357-BF3C-F6D04E32C168}.Debug|x64.ActiveCfg = Debug|x64
		{F2B1927F-88D1-4357-BF3C-F6D04E32C168}.Debug|x64.Build.0 = Debug|x64
		{F2B1927F-88D1-4357-BF3C-F6D04E32C168}.Debug|x86.ActiveCfg = Debug|Win32
		{F2B1927F-88D1-4357-BF3C-F6D04E32C168}.Debug|x86.Build.0 = Debug|Win32
		{F2B1927F-88D1-4357-BF3C-F6D04E32C168}.Release|x64.ActiveCfg = Release|x64
		{F2B1927F-88D1-4357-BF3C-F6D04E32C168}.Release|x64.Build.0 = Release|x64
		{F2B1927F-88D1-4357-BF3C-F6D04E32C168}.Release|x86.ActiveCfg = Release|Win32
		{F2B1927F-88D1-4357-BF3C-F6D04E32C168}.Release|x86.Build.0 = Release|Win32
	EndGlobalSection
	GlobalSection(SolutionProperties) = preSolution
		HideSolutionNode = FALSE
	EndGlobalSection
	GlobalSection(ExtensibilityGlobals) = postSolution
		SolutionGuid = {175CFEFF-176C-49A6-850E-615A6B950E52}
	EndGlobalSection
EndGlobal
